// !$*UTF8*$!
{
	archiveVersion = 1;
	classes = {
	};
	objectVersion = 48;
	objects = {

/* Begin PBXBuildFile section */
		7826084D20241CCB006A21FC /* AppDelegate.m in Sources */ = {isa = PBXBuildFile; fileRef = 7826084C20241CCB006A21FC /* AppDelegate.m */; };
		7826085020241CCB006A21FC /* ViewController.m in Sources */ = {isa = PBXBuildFile; fileRef = 7826084F20241CCB006A21FC /* ViewController.m */; };
		7826085320241CCB006A21FC /* Main.storyboard in Resources */ = {isa = PBXBuildFile; fileRef = 7826085120241CCB006A21FC /* Main.storyboard */; };
		7826085520241CCB006A21FC /* Assets.xcassets in Resources */ = {isa = PBXBuildFile; fileRef = 7826085420241CCB006A21FC /* Assets.xcassets */; };
		7826085820241CCB006A21FC /* LaunchScreen.storyboard in Resources */ = {isa = PBXBuildFile; fileRef = 7826085620241CCB006A21FC /* LaunchScreen.storyboard */; };
		7826085B20241CCB006A21FC /* main.m in Sources */ = {isa = PBXBuildFile; fileRef = 7826085A20241CCB006A21FC /* main.m */; };
/* End PBXBuildFile section */

/* Begin PBXFileReference section */
		7826084820241CCB006A21FC /* TestCodeRollBack.app */ = {isa = PBXFileReference; explicitFileType = wrapper.application; includeInIndex = 0; path = TestCodeRollBack.app; sourceTree = BUILT_PRODUCTS_DIR; };
		7826084B20241CCB006A21FC /* AppDelegate.h */ = {isa = PBXFileReference; lastKnownFileType = sourcecode.c.h; path = AppDelegate.h; sourceTree = "<group>"; };
		7826084C20241CCB006A21FC /* AppDelegate.m */ = {isa = PBXFileReference; lastKnownFileType = sourcecode.c.objc; path = AppDelegate.m; sourceTree = "<group>"; };
		7826084E20241CCB006A21FC /* ViewController.h */ = {isa = PBXFileReference; lastKnownFileType = sourcecode.c.h; path = ViewController.h; sourceTree = "<group>"; };
		7826084F20241CCB006A21FC /* ViewController.m */ = {isa = PBXFileReference; lastKnownFileType = sourcecode.c.objc; path = ViewController.m; sourceTree = "<group>"; };
		7826085220241CCB006A21FC /* Base */ = {isa = PBXFileReference; lastKnownFileType = file.storyboard; name = Base; path = Base.lproj/Main.storyboard; sourceTree = "<group>"; };
		7826085420241CCB006A21FC /* Assets.xcassets */ = {isa = PBXFileReference; lastKnownFileType = folder.assetcatalog; path = Assets.xcassets; sourceTree = "<group>"; };
		7826085720241CCB006A21FC /* Base */ = {isa = PBXFileReference; lastKnownFileType = file.storyboard; name = Base; path = Base.lproj/LaunchScreen.storyboard; sourceTree = "<group>"; };
		7826085920241CCB006A21FC /* Info.plist */ = {isa = PBXFileReference; lastKnownFileType = text.plist.xml; path = Info.plist; sourceTree = "<group>"; };
		7826085A20241CCB006A21FC /* main.m */ = {isa = PBXFileReference; lastKnownFileType = sourcecode.c.objc; path = main.m; sourceTree = "<group>"; };
/* End PBXFileReference section */

/* Begin PBXFrameworksBuildPhase section */
		7826084520241CCB006A21FC /* Frameworks */ = {
			isa = PBXFrameworksBuildPhase;
			buildActionMask = 2147483647;
			files = (
			);
			runOnlyForDeploymentPostprocessing = 0;
		};
/* End PBXFrameworksBuildPhase section */

/* Begin PBXGroup section */
		7826083F20241CCB006A21FC = {
			isa = PBXGroup;
			children = (
				7826084A20241CCB006A21FC /* TestCodeRollBack */,
				7826084920241CCB006A21FC /* Products */,
			);
			sourceTree = "<group>";
		};
		7826084920241CCB006A21FC /* Products */ = {
			isa = PBXGroup;
			children = (
				7826084820241CCB006A21FC /* TestCodeRollBack.app */,
			);
			name = Products;
			sourceTree = "<group>";
		};
		7826084A20241CCB006A21FC /* TestCodeRollBack */ = {
			isa = PBXGroup;
			children = (
				7826084B20241CCB006A21FC /* AppDelegate.h */,
				7826084C20241CCB006A21FC /* AppDelegate.m */,
				7826084E20241CCB006A21FC /* ViewController.h */,
				7826084F20241CCB006A21FC /* ViewController.m */,
				7826085120241CCB006A21FC /* Main.storyboard */,
				7826085420241CCB006A21FC /* Assets.xcassets */,
				7826085620241CCB006A21FC /* LaunchScreen.storyboard */,
				7826085920241CCB006A21FC /* Info.plist */,
				7826085A20241CCB006A21FC /* main.m */,
			);
			path = TestCodeRollBack;
			sourceTree = "<group>";
		};
/* End PBXGroup section */

/* Begin PBXNativeTarget section */
		7826084720241CCB006A21FC /* TestCodeRollBack */ = {
			isa = PBXNativeTarget;
			buildConfigurationList = 7826085E20241CCB006A21FC /* Build configuration list for PBXNativeTarget "TestCodeRollBack" */;
			buildPhases = (
				7826084420241CCB006A21FC /* Sources */,
				7826084520241CCB006A21FC /* Frameworks */,
				7826084620241CCB006A21FC /* Resources */,
			);
			buildRules = (
			);
			dependencies = (
			);
			name = TestCodeRollBack;
			productName = TestCodeRollBack;
			productReference = 7826084820241CCB006A21FC /* TestCodeRollBack.app */;
			productType = "com.apple.product-type.application";
		};
/* End PBXNativeTarget section */

/* Begin PBXProject section */
		7826084020241CCB006A21FC /* Project object */ = {
			isa = PBXProject;
			attributes = {
				LastUpgradeCheck = 0920;
				ORGANIZATIONNAME = "王旭";
				TargetAttributes = {
					7826084720241CCB006A21FC = {
						CreatedOnToolsVersion = 9.2;
						ProvisioningStyle = Automatic;
					};
				};
			};
			buildConfigurationList = 7826084320241CCB006A21FC /* Build configuration list for PBXProject "TestCodeRollBack" */;
			compatibilityVersion = "Xcode 8.0";
			developmentRegion = en;
			hasScannedForEncodings = 0;
			knownRegions = (
				en,
				Base,
			);
			mainGroup = 7826083F20241CCB006A21FC;
			productRefGroup = 7826084920241CCB006A21FC /* Products */;
			projectDirPath = "";
			projectRoot = "";
			targets = (
				7826084720241CCB006A21FC /* TestCodeRollBack */,
			);
		};
/* End PBXProject section */

/* Begin PBXResourcesBuildPhase section */
		7826084620241CCB006A21FC /* Resources */ = {
			isa = PBXResourcesBuildPhase;
			buildActionMask = 2147483647;
			files = (
				7826085820241CCB006A21FC /* LaunchScreen.storyboard in Resources */,
				7826085520241CCB006A21FC /* Assets.xcassets in Resources */,
				7826085320241CCB006A21FC /* Main.storyboard in Resources */,
			);
			runOnlyForDeploymentPostprocessing = 0;
		};
/* End PBXResourcesBuildPhase section */

/* Begin PBXSourcesBuildPhase section */
		7826084420241CCB006A21FC /* Sources */ = {
			isa = PBXSourcesBuildPhase;
			buildActionMask = 2147483647;
			files = (
				7826085020241CCB006A21FC /* ViewController.m in Sources */,
				7826085B20241CCB006A21FC /* main.m in Sources */,
				7826084D20241CCB006A21FC /* AppDelegate.m in Sources */,
			);
			runOnlyForDeploymentPostprocessing = 0;
		};
/* End PBXSourcesBuildPhase section */

/* Begin PBXVariantGroup section */
		7826085120241CCB006A21FC /* Main.storyboard */ = {
			isa = PBXVariantGroup;
			children = (
				7826085220241CCB006A21FC /* Base */,
			);
			name = Main.storyboard;
			sourceTree = "<group>";
		};
		7826085620241CCB006A21FC /* LaunchScreen.storyboard */ = {
			isa = PBXVariantGroup;
			children = (
				7826085720241CCB006A21FC /* Base */,
			);
			name = LaunchScreen.storyboard;
			sourceTree = "<group>";
		};
/* End PBXVariantGroup section */

/* Begin XCBuildConfiguration section */
		7826085C20241CCB006A21FC /* Debug */ = {
			isa = XCBuildConfiguration;
			buildSettings = {
				ALWAYS_SEARCH_USER_PATHS = NO;
				CLANG_ANALYZER_NONNULL = YES;
				CLANG_ANALYZER_NUMBER_OBJECT_CONVERSION = YES_AGGRESSIVE;
				CLANG_CXX_LANGUAGE_STANDARD = "gnu++14";
				CLANG_CXX_LIBRARY = "libc++";
				CLANG_ENABLE_MODULES = YES;
				CLANG_ENABLE_OBJC_ARC = YES;
				CLANG_WARN_BLOCK_CAPTURE_AUTORELEASING = YES;
				CLANG_WARN_BOOL_CONVERSION = YES;
				CLANG_WARN_COMMA = YES;
				CLANG_WARN_CONSTANT_CONVERSION = YES;
				CLANG_WARN_DIRECT_OBJC_ISA_USAGE = YES_ERROR;
				CLANG_WARN_DOCUMENTATION_COMMENTS = YES;
				CLANG_WARN_EMPTY_BODY = YES;
				CLANG_WARN_ENUM_CONVERSION = YES;
				CLANG_WARN_INFINITE_RECURSION = YES;
				CLANG_WARN_INT_CONVERSION = YES;
				CLANG_WARN_NON_LITERAL_NULL_CONVERSION = YES;
				CLANG_WARN_OBJC_LITERAL_CONVERSION = YES;
				CLANG_WARN_OBJC_ROOT_CLASS = YES_ERROR;
				CLANG_WARN_RANGE_LOOP_ANALYSIS = YES;
				CLANG_WARN_STRICT_PROTOTYPES = YES;
				CLANG_WARN_SUSPICIOUS_MOVE = YES;
				CLANG_WARN_UNGUARDED_AVAILABILITY = YES_AGGRESSIVE;
				CLANG_WARN_UNREACHABLE_CODE = YES;
				CLANG_WARN__DUPLICATE_METHOD_MATCH = YES;
				CODE_SIGN_IDENTITY = "iPhone Developer";
				COPY_PHASE_STRIP = NO;
				DEBUG_INFORMATION_FORMAT = dwarf;
				ENABLE_STRICT_OBJC_MSGSEND = YES;
				ENABLE_TESTABILITY = YES;
				GCC_C_LANGUAGE_STANDARD = gnu11;
				GCC_DYNAMIC_NO_PIC = NO;
				GCC_NO_COMMON_BLOCKS = YES;
				GCC_OPTIMIZATION_LEVEL = 0;
				GCC_PREPROCESSOR_DEFINITIONS = (
					"DEBUG=1",
					"$(inherited)",
				);
				GCC_WARN_64_TO_32_BIT_CONVERSION = YES;
				GCC_WARN_ABOUT_RETURN_TYPE = YES_ERROR;
				GCC_WARN_UNDECLARED_SELECTOR = YES;
				GCC_WARN_UNINITIALIZED_AUTOS = YES_AGGRESSIVE;
				GCC_WARN_UNUSED_FUNCTION = YES;
				GCC_WARN_UNUSED_VARIABLE = YES;
				IPHONEOS_DEPLOYMENT_TARGET = 11.2;
				MTL_ENABLE_DEBUG_INFO = YES;
				ONLY_ACTIVE_ARCH = YES;
				SDKROOT = iphoneos;
			};
			name = Debug;
		};
		7826085D20241CCB006A21FC /* Release */ = {
			isa = XCBuildConfiguration;
			buildSettings = {
				ALWAYS_SEARCH_USER_PATHS = NO;
				CLANG_ANALYZER_NONNULL = YES;
				CLANG_ANALYZER_NUMBER_OBJECT_CONVERSION = YES_AGGRESSIVE;
				CLANG_CXX_LANGUAGE_STANDARD = "gnu++14";
				CLANG_CXX_LIBRARY = "libc++";
				CLANG_ENABLE_MODULES = YES;
				CLANG_ENABLE_OBJC_ARC = YES;
				CLANG_WARN_BLOCK_CAPTURE_AUTORELEASING = YES;
				CLANG_WARN_BOOL_CONVERSION = YES;
				CLANG_WARN_COMMA = YES;
				CLANG_WARN_CONSTANT_CONVERSION = YES;
				CLANG_WARN_DIRECT_OBJC_ISA_USAGE = YES_ERROR;
				CLANG_WARN_DOCUMENTATION_COMMENTS = YES;
				CLANG_WARN_EMPTY_BODY = YES;
				CLANG_WARN_ENUM_CONVERSION = YES;
				CLANG_WARN_INFINITE_RECURSION = YES;
				CLANG_WARN_INT_CONVERSION = YES;
				CLANG_WARN_NON_LITERAL_NULL_CONVERSION = YES;
				CLANG_WARN_OBJC_LITERAL_CONVERSION = YES;
				CLANG_WARN_OBJC_ROOT_CLASS = YES_ERROR;
				CLANG_WARN_RANGE_LOOP_ANALYSIS = YES;
				CLANG_WARN_STRICT_PROTOTYPES = YES;
				CLANG_WARN_SUSPICIOUS_MOVE = YES;
				CLANG_WARN_UNGUARDED_AVAILABILITY = YES_AGGRESSIVE;
				CLANG_WARN_UNREACHABLE_CODE = YES;
				CLANG_WARN__DUPLICATE_METHOD_MATCH = YES;
				CODE_SIGN_IDENTITY = "iPhone Developer";
				COPY_PHASE_STRIP = NO;
				DEBUG_INFORMATION_FORMAT = "dwarf-with-dsym";
				ENABLE_NS_ASSERTIONS = NO;
				ENABLE_STRICT_OBJC_MSGSEND = YES;
				GCC_C_LANGUAGE_STANDARD = gnu11;
				GCC_NO_COMMON_BLOCKS = YES;
				GCC_WARN_64_TO_32_BIT_CONVERSION = YES;
				GCC_WARN_ABOUT_RETURN_TYPE = YES_ERROR;
				GCC_WARN_UNDECLARED_SELECTOR = YES;
				GCC_WARN_UNINITIALIZED_AUTOS = YES_AGGRESSIVE;
				GCC_WARN_UNUSED_FUNCTION = YES;
				GCC_WARN_UNUSED_VARIABLE = YES;
				IPHONEOS_DEPLOYMENT_TARGET = 11.2;
				MTL_ENABLE_DEBUG_INFO = NO;
				SDKROOT = iphoneos;
				VALIDATE_PRODUCT = YES;
			};
			name = Release;
		};
		7826085F20241CCB006A21FC /* Debug */ = {
			isa = XCBuildConfiguration;
			buildSettings = {
				ASSETCATALOG_COMPILER_APPICON_NAME = AppIcon;
				CODE_SIGN_STYLE = Automatic;
				DEVELOPMENT_TEAM = ZGJ54Q7R45;
				INFOPLIST_FILE = TestCodeRollBack/Info.plist;
				IPHONEOS_DEPLOYMENT_TARGET = 11.0;
				LD_RUNPATH_SEARCH_PATHS = "$(inherited) @executable_path/Frameworks";
				PRODUCT_BUNDLE_IDENTIFIER = wx.TestCodeRollBack;
				PRODUCT_NAME = "$(TARGET_NAME)";
				TARGETED_DEVICE_FAMILY = "1,2";
			};
			name = Debug;
		};
		7826086020241CCB006A21FC /* Release */ = {
			isa = XCBuildConfiguration;
			buildSettings = {
				ASSETCATALOG_COMPILER_APPICON_NAME = AppIcon;
				CODE_SIGN_STYLE = Automatic;
				DEVELOPMENT_TEAM = ZGJ54Q7R45;
				INFOPLIST_FILE = TestCodeRollBack/Info.plist;
				IPHONEOS_DEPLOYMENT_TARGET = 11.0;
				LD_RUNPATH_SEARCH_PATHS = "$(inherited) @executable_path/Frameworks";
				PRODUCT_BUNDLE_IDENTIFIER = wx.TestCodeRollBack;
				PRODUCT_NAME = "$(TARGET_NAME)";
				TARGETED_DEVICE_FAMILY = "1,2";
			};
			name = Release;
		};
/* End XCBuildConfiguration section */

/* Begin XCConfigurationList section */
		7826084320241CCB006A21FC /* Build configuration list for PBXProject "TestCodeRollBack" */ = {
			isa = XCConfigurationList;
			buildConfigurations = (
				7826085C20241CCB006A21FC /* Debug */,
				7826085D20241CCB006A21FC /* Release */,
			);
			defaultConfigurationIsVisible = 0;
			defaultConfigurationName = Release;
		};
		7826085E20241CCB006A21FC /* Build configuration list for PBXNativeTarget "TestCodeRollBack" */ = {
			isa = XCConfigurationList;
			buildConfigurations = (
				7826085F20241CCB006A21FC /* Debug */,
				7826086020241CCB006A21FC /* Release */,
			);
			defaultConfigurationIsVisible = 0;
			defaultConfigurationName = Release;
		};
/* End XCConfigurationList section */
	};
	rootObject = 7826084020241CCB006A21FC /* Project object */;
}
